
Microsoft Visual Studio Solution File, Format Version 12.00
# Visual Studio Version 17
VisualStudioVersion = 17.14.36518.9 d17.14
MinimumVisualStudioVersion = 10.0.40219.1
Project("{FAE04EC0-301F-11D3-BF4B-00C04F79EFBC}") = "AvaloniaMvvmDraw", "AvaloniaMvvmDraw.csproj", "{93343046-1A43-4474-AB50-C1FA16ED0DDC}"
EndProject
Global
	GlobalSection(SolutionConfigurationPlatforms) = preSolution
		Debug|Any CPU = Debug|Any CPU
		Release|Any CPU = Release|Any CPU
	EndGlobalSection
	GlobalSection(ProjectConfigurationPlatforms) = postSolution
		{93343046-1A43-4474-AB50-C1FA16ED0DDC}.Debug|Any CPU.ActiveCfg = Debug|Any CPU
		{93343046-1A43-4474-AB50-C1FA16ED0DDC}.Debug|Any CPU.Build.0 = Debug|Any CPU
		{93343046-1A43-4474-AB50-C1FA16ED0DDC}.Release|Any CPU.ActiveCfg = Release|Any CPU
		{93343046-1A43-4474-AB50-C1FA16ED0DDC}.Release|Any CPU.Build.0 = Release|Any CPU
	EndGlobalSection
	GlobalSection(SolutionProperties) = preSolution
		HideSolutionNode = FALSE
	EndGlobalSection
	GlobalSection(ExtensibilityGlobals) = postSolution
		SolutionGuid = {C6B56F58-0664-447C-B8D8-74EDA9F01207}
	EndGlobalSection
EndGlobal
